
Microsoft Visual Studio Solution File, Format Version 12.00
# Visual Studio Version 17
VisualStudioVersion = 17.11.35327.3
MinimumVisualStudioVersion = 10.0.40219.1
Project("{FAE04EC0-301F-11D3-BF4B-00C04F79EFBC}") = "Portfolio", "Portfolio\Portfolio.csproj", "{67E2EBC5-BD0C-49CA-AB9B-4DDBD88979C8}"
EndProject
Global
	GlobalSection(SolutionConfigurationPlatforms) = preSolution
		Debug|Any CPU = Debug|Any CPU
		Release|Any CPU = Release|Any CPU
	EndGlobalSection
	GlobalSection(ProjectConfigurationPlatforms) = postSolution
		{67E2EBC5-BD0C-49CA-AB9B-4DDBD88979C8}.Debug|Any CPU.ActiveCfg = Debug|Any CPU
		{67E2EBC5-BD0C-49CA-AB9B-4DDBD88979C8}.Debug|Any CPU.Build.0 = Debug|Any CPU
		{67E2EBC5-BD0C-49CA-AB9B-4DDBD88979C8}.Release|Any CPU.ActiveCfg = Release|Any CPU
		{67E2EBC5-BD0C-49CA-AB9B-4DDBD88979C8}.Release|Any CPU.Build.0 = Release|Any CPU
	EndGlobalSection
	GlobalSection(SolutionProperties) = preSolution
		HideSolutionNode = FALSE
	EndGlobalSection
	GlobalSection(ExtensibilityGlobals) = postSolution
		SolutionGuid = {E0F1BCBF-02B1-476D-A89D-5115D9C31100}
	EndGlobalSection
EndGlobal
